// !$*UTF8*$!
{
	archiveVersion = 1;
	classes = {
	};
	objectVersion = 60;
	objects = {

/* Begin PBXBuildFile section */
		2FAD9763203C412B000D30F8 /* config.xml in Resources */ = {isa = PBXBuildFile; fileRef = 2FAD9762203C412B000D30F8 /* config.xml */; };
		4D22ABE92AF431CB00220026 /* CapApp-SPM in Frameworks */ = {isa = PBXBuildFile; productRef = 4D22ABE82AF431CB00220026 /* CapApp-SPM */; };
		50379B232058CBB4000EE86E /* capacitor.config.json in Resources */ = {isa = PBXBuildFile; fileRef = 50379B222058CBB4000EE86E /* capacitor.config.json */; };
		504EC3081FED79650016851F /* AppDelegate.swift in Sources */ = {isa = PBXBuildFile; fileRef = 504EC3071FED79650016851F /* AppDelegate.swift */; };
		504EC30D1FED79650016851F /* Main.storyboard in Resources */ = {isa = PBXBuildFile; fileRef = 504EC30B1FED79650016851F /* Main.storyboard */; };
		504EC30F1FED79650016851F /* Assets.xcassets in Resources */ = {isa = PBXBuildFile; fileRef = 504EC30E1FED79650016851F /* Assets.xcassets */; };
		504EC3121FED79650016851F /* LaunchScreen.storyboard in Resources */ = {isa = PBXBuildFile; fileRef = 504EC3101FED79650016851F /* LaunchScreen.storyboard */; };
		50B271D11FEDC1A000F3C39B /* public in Resources */ = {isa = PBXBuildFile; fileRef = 50B271D01FEDC1A000F3C39B /* public */; };
		9582B6832FE993A70072D4E8 /* SceneDelegate.swift in Sources */ = {isa = PBXBuildFile; fileRef = 9582B6822FE993A50072D4E8 /* SceneDelegate.swift */; };
/* End PBXBuildFile section */

/* Begin PBXFileReference section */
		0E81389A3073F279002F6143 /* App.entitlements */ = {isa = PBXFileReference; lastKnownFileType = text.plist.entitlements; path = App.entitlements; sourceTree = "<group>"; };
		0E81389B3073F3BC002F6143 /* native-bridge.js */ = {isa = PBXFileReference; lastKnownFileType = sourcecode.javascript; path = "native-bridge.js"; sourceTree = "<group>"; };
		0E81389D3073F3BC002F6143 /* JSValueDecoder.swift */ = {isa = PBXFileReference; lastKnownFileType = sourcecode.swift; path = JSValueDecoder.swift; sourceTree = "<group>"; };
		0E81389E3073F3BC002F6143 /* JSValueEncoder.swift */ = {isa = PBXFileReference; lastKnownFileType = sourcecode.swift; path = JSValueEncoder.swift; sourceTree = "<group>"; };
		0E8138A03073F3BC002F6143 /* CapacitorCookieManager.swift */ = {isa = PBXFileReference; lastKnownFileType = sourcecode.swift; path = CapacitorCookieManager.swift; sourceTree = "<group>"; };
		0E8138A13073F3BC002F6143 /* CapacitorCookies.swift */ = {isa = PBXFileReference; lastKnownFileType = sourcecode.swift; path = CapacitorCookies.swift; sourceTree = "<group>"; };
		0E8138A23073F3BC002F6143 /* CapacitorHttp.swift */ = {isa = PBXFileReference; lastKnownFileType = sourcecode.swift; path = CapacitorHttp.swift; sourceTree = "<group>"; };
		0E8138A33073F3BC002F6143 /* CapacitorUrlRequest.swift */ = {isa = PBXFileReference; lastKnownFileType = sourcecode.swift; path = CapacitorUrlRequest.swift; sourceTree = "<group>"; };
		0E8138A43073F3BC002F6143 /* Console.swift */ = {isa = PBXFileReference; lastKnownFileType = sourcecode.swift; path = Console.swift; sourceTree = "<group>"; };
		0E8138A53073F3BC002F6143 /* HttpRequestHandler.swift */ = {isa = PBXFileReference; lastKnownFileType = sourcecode.swift; path = HttpRequestHandler.swift; sourceTree = "<group>"; };
		0E8138A63073F3BC002F6143 /* SystemBars.swift */ = {isa = PBXFileReference; lastKnownFileType = sourcecode.swift; path = SystemBars.swift; sourceTree = "<group>"; };
		0E8138A73073F3BC002F6143 /* WebView.swift */ = {isa = PBXFileReference; lastKnownFileType = sourcecode.swift; path = WebView.swift; sourceTree = "<group>"; };
		0E8138A93073F3BC002F6143 /* AppUUID.swift */ = {isa = PBXFileReference; lastKnownFileType = sourcecode.swift; path = AppUUID.swift; sourceTree = "<group>"; };
		0E8138AA3073F3BC002F6143 /* Array+Capacitor.swift */ = {isa = PBXFileReference; lastKnownFileType = sourcecode.swift; path = "Array+Capacitor.swift"; sourceTree = "<group>"; };
		0E8138AB3073F3BC002F6143 /* Capacitor.h */ = {isa = PBXFileReference; lastKnownFileType = sourcecode.c.h; path = Capacitor.h; sourceTree = "<group>"; };
		0E8138AC3073F3BC002F6143 /* Capacitor.modulemap */ = {isa = PBXFileReference; lastKnownFileType = "sourcecode.module-map"; path = Capacitor.modulemap; sourceTree = "<group>"; };
		0E8138AD3073F3BC002F6143 /* CapacitorBridge.swift */ = {isa = PBXFileReference; lastKnownFileType = sourcecode.swift; path = CapacitorBridge.swift; sourceTree = "<group>"; };
		0E8138AE3073F3BC002F6143 /* CapacitorExtension.swift */ = {isa = PBXFileReference; lastKnownFileType = sourcecode.swift; path = CapacitorExtension.swift; sourceTree = "<group>"; };
		0E8138AF3073F3BC002F6143 /* CAPApplicationDelegateProxy.swift */ = {isa = PBXFileReference; lastKnownFileType = sourcecode.swift; path = CAPApplicationDelegateProxy.swift; sourceTree = "<group>"; };
		0E8138B03073F3BC002F6143 /* CAPBridge.swift */ = {isa = PBXFileReference; lastKnownFileType = sourcecode.swift; path = CAPBridge.swift; sourceTree = "<group>"; };
		0E8138B13073F3BC002F6143 /* CAPBridgeDelegate.swift */ = {isa = PBXFileReference; lastKnownFileType = sourcecode.swift; path = CAPBridgeDelegate.swift; sourceTree = "<group>"; };
		0E8138B23073F3BC002F6143 /* CAPBridgedJSTypes.h */ = {isa = PBXFileReference; lastKnownFileType = sourcecode.c.h; path = CAPBridgedJSTypes.h; sourceTree = "<group>"; };
		0E8138B33073F3BC002F6143 /* CAPBridgedJSTypes.m */ = {isa = PBXFileReference; lastKnownFileType = sourcecode.c.objc; path = CAPBridgedJSTypes.m; sourceTree = "<group>"; };
		0E8138B43073F3BC002F6143 /* CAPBridgedPlugin.h */ = {isa = PBXFileReference; lastKnownFileType = sourcecode.c.h; path = CAPBridgedPlugin.h; sourceTree = "<group>"; };
		0E8138B53073F3BC002F6143 /* CAPBridgedPlugin+getMethod.swift */ = {isa = PBXFileReference; lastKnownFileType = sourcecode.swift; path = "CAPBridgedPlugin+getMethod.swift"; sourceTree = "<group>"; };
		0E8138B63073F3BC002F6143 /* CAPBridgeProtocol.swift */ = {isa = PBXFileReference; lastKnownFileType = sourcecode.swift; path = CAPBridgeProtocol.swift; sourceTree = "<group>"; };
		0E8138B73073F3BC002F6143 /* CAPBridgeViewController.swift */ = {isa = PBXFileReference; lastKnownFileType = sourcecode.swift; path = CAPBridgeViewController.swift; sourceTree = "<group>"; };
		0E8138B83073F3BC002F6143 /* CAPBridgeViewController+CDVScreenOrientationDelegate.h */ = {isa = PBXFileReference; lastKnownFileType = sourcecode.c.h; path = "CAPBridgeViewController+CDVScreenOrientationDelegate.h"; sourceTree = "<group>"; };
		0E8138B93073F3BC002F6143 /* CAPBridgeViewController+CDVScreenOrientationDelegate.m */ = {isa = PBXFileReference; lastKnownFileType = sourcecode.c.objc; path = "CAPBridgeViewController+CDVScreenOrientationDelegate.m"; sourceTree = "<group>"; };
		0E8138BA3073F3BC002F6143 /* CAPFile.swift */ = {isa = PBXFileReference; lastKnownFileType = sourcecode.swift; path = CAPFile.swift; sourceTree = "<group>"; };
		0E8138BB3073F3BC002F6143 /* CAPInstanceConfiguration.h */ = {isa = PBXFileReference; lastKnownFileType = sourcecode.c.h; path = CAPInstanceConfiguration.h; sourceTree = "<group>"; };
		0E8138BC3073F3BC002F6143 /* CAPInstanceConfiguration.m */ = {isa = PBXFileReference; lastKnownFileType = sourcecode.c.objc; path = CAPInstanceConfiguration.m; sourceTree = "<group>"; };
		0E8138BD3073F3BC002F6143 /* CAPInstanceConfiguration.swift */ = {isa = PBXFileReference; lastKnownFileType = sourcecode.swift; path = CAPInstanceConfiguration.swift; sourceTree = "<group>"; };
		0E8138BE3073F3BC002F6143 /* CAPInstanceDescriptor.h */ = {isa = PBXFileReference; lastKnownFileType = sourcecode.c.h; path = CAPInstanceDescriptor.h; sourceTree = "<group>"; };
		0E8138BF3073F3BC002F6143 /* CAPInstanceDescriptor.m */ = {isa = PBXFileReference; lastKnownFileType = sourcecode.c.objc; path = CAPInstanceDescriptor.m; sourceTree = "<group>"; };
		0E8138C03073F3BC002F6143 /* CAPInstanceDescriptor.swift */ = {isa = PBXFileReference; lastKnownFileType = sourcecode.swift; path = CAPInstanceDescriptor.swift; sourceTree = "<group>"; };
		0E8138C13073F3BC002F6143 /* CAPInstancePlugin.swift */ = {isa = PBXFileReference; lastKnownFileType = sourcecode.swift; path = CAPInstancePlugin.swift; sourceTree = "<group>"; };
		0E8138C23073F3BC002F6143 /* CAPLog.swift */ = {isa = PBXFileReference; lastKnownFileType = sourcecode.swift; path = CAPLog.swift; sourceTree = "<group>"; };
		0E8138C33073F3BC002F6143 /* CAPNotifications.swift */ = {isa = PBXFileReference; lastKnownFileType = sourcecode.swift; path = CAPNotifications.swift; sourceTree = "<group>"; };
		0E8138C43073F3BC002F6143 /* CAPPlugin.h */ = {isa = PBXFileReference; lastKnownFileType = sourcecode.c.h; path = CAPPlugin.h; sourceTree = "<group>"; };
		0E8138C53073F3BC002F6143 /* CAPPlugin.m */ = {isa = PBXFileReference; lastKnownFileType = sourcecode.c.objc; path = CAPPlugin.m; sourceTree = "<group>"; };
		0E8138C63073F3BC002F6143 /* CAPPlugin+LoadInstance.swift */ = {isa = PBXFileReference; lastKnownFileType = sourcecode.swift; path = "CAPPlugin+LoadInstance.swift"; sourceTree = "<group>"; };
		0E8138C73073F3BC002F6143 /* CAPPluginCall.h */ = {isa = PBXFileReference; lastKnownFileType = sourcecode.c.h; path = CAPPluginCall.h; sourceTree = "<group>"; };
		0E8138C83073F3BC002F6143 /* CAPPluginCall.m */ = {isa = PBXFileReference; lastKnownFileType = sourcecode.c.objc; path = CAPPluginCall.m; sourceTree = "<group>"; };
		0E8138C93073F3BC002F6143 /* CAPPluginCall.swift */ = {isa = PBXFileReference; lastKnownFileType = sourcecode.swift; path = CAPPluginCall.swift; sourceTree = "<group>"; };
		0E8138CA3073F3BC002F6143 /* CAPPluginMethod.h */ = {isa = PBXFileReference; lastKnownFileType = sourcecode.c.h; path = CAPPluginMethod.h; sourceTree = "<group>"; };
		0E8138CB3073F3BC002F6143 /* CAPPluginMethod.m */ = {isa = PBXFileReference; lastKnownFileType = sourcecode.c.objc; path = CAPPluginMethod.m; sourceTree = "<group>"; };
		0E8138CC3073F3BC002F6143 /* CAPPluginMethod.swift */ = {isa = PBXFileReference; lastKnownFileType = sourcecode.swift; path = CAPPluginMethod.swift; sourceTree = "<group>"; };
		0E8138CD3073F3BC002F6143 /* CAPSceneDelegateProxy.swift */ = {isa = PBXFileReference; lastKnownFileType = sourcecode.swift; path = CAPSceneDelegateProxy.swift; sourceTree = "<group>"; };
		0E8138CE3073F3BC002F6143 /* Data+Capacitor.swift */ = {isa = PBXFileReference; lastKnownFileType = sourcecode.swift; path = "Data+Capacitor.swift"; sourceTree = "<group>"; };
		0E8138CF3073F3BC002F6143 /* DocLinks.swift */ = {isa = PBXFileReference; lastKnownFileType = sourcecode.swift; path = DocLinks.swift; sourceTree = "<group>"; };
		0E8138D03073F3BC002F6143 /* GoogleService-Info.plist */ = {isa = PBXFileReference; lastKnownFileType = text.plist.xml; path = "GoogleService-Info.plist"; sourceTree = "<group>"; };
		0E8138D13073F3BC002F6143 /* Info.plist */ = {isa = PBXFileReference; lastKnownFileType = text.plist.xml; path = Info.plist; sourceTree = "<group>"; };
		0E8138D23073F3BC002F6143 /* JS.swift */ = {isa = PBXFileReference; lastKnownFileType = sourcecode.swift; path = JS.swift; sourceTree = "<group>"; };
		0E8138D33073F3BC002F6143 /* JSExport.swift */ = {isa = PBXFileReference; lastKnownFileType = sourcecode.swift; path = JSExport.swift; sourceTree = "<group>"; };
		0E8138D43073F3BC002F6143 /* JSTypes.swift */ = {isa = PBXFileReference; lastKnownFileType = sourcecode.swift; path = JSTypes.swift; sourceTree = "<group>"; };
		0E8138D53073F3BC002F6143 /* KeyPath.swift */ = {isa = PBXFileReference; lastKnownFileType = sourcecode.swift; path = KeyPath.swift; sourceTree = "<group>"; };
		0E8138D63073F3BC002F6143 /* KeyValueStore.swift */ = {isa = PBXFileReference; lastKnownFileType = sourcecode.swift; path = KeyValueStore.swift; sourceTree = "<group>"; };
		0E8138D73073F3BC002F6143 /* NotificationHandlerProtocol.swift */ = {isa = PBXFileReference; lastKnownFileType = sourcecode.swift; path = NotificationHandlerProtocol.swift; sourceTree = "<group>"; };
		0E8138D83073F3BC002F6143 /* NotificationRouter.swift */ = {isa = PBXFileReference; lastKnownFileType = sourcecode.swift; path = NotificationRouter.swift; sourceTree = "<group>"; };
		0E8138D93073F3BC002F6143 /* PluginCallResult.swift */ = {isa = PBXFileReference; lastKnownFileType = sourcecode.swift; path = PluginCallResult.swift; sourceTree = "<group>"; };
		0E8138DA3073F3BC002F6143 /* PluginConfig.swift */ = {isa = PBXFileReference; lastKnownFileType = sourcecode.swift; path = PluginConfig.swift; sourceTree = "<group>"; };
		0E8138DB3073F3BC002F6143 /* PrivacyInfo.xcprivacy */ = {isa = PBXFileReference; lastKnownFileType = text.xml; path = PrivacyInfo.xcprivacy; sourceTree = "<group>"; };
		0E8138DC3073F3BC002F6143 /* Router.swift */ = {isa = PBXFileReference; lastKnownFileType = sourcecode.swift; path = Router.swift; sourceTree = "<group>"; };
		0E8138DD3073F3BC002F6143 /* UIColor.swift */ = {isa = PBXFileReference; lastKnownFileType = sourcecode.swift; path = UIColor.swift; sourceTree = "<group>"; };
		0E8138DE3073F3BC002F6143 /* UIStatusBarManager+CAPHandleTapAction.m */ = {isa = PBXFileReference; lastKnownFileType = sourcecode.c.objc; path = "UIStatusBarManager+CAPHandleTapAction.m"; sourceTree = "<group>"; };
		0E8138DF3073F3BC002F6143 /* WebViewAssetHandler.swift */ = {isa = PBXFileReference; lastKnownFileType = sourcecode.swift; path = WebViewAssetHandler.swift; sourceTree = "<group>"; };
		0E8138E03073F3BC002F6143 /* WebViewDelegationHandler.swift */ = {isa = PBXFileReference; lastKnownFileType = sourcecode.swift; path = WebViewDelegationHandler.swift; sourceTree = "<group>"; };
		0E8138E13073F3BC002F6143 /* WKWebView+Capacitor.m */ = {isa = PBXFileReference; lastKnownFileType = sourcecode.c.objc; path = "WKWebView+Capacitor.m"; sourceTree = "<group>"; };
		0E8138E23073F3BC002F6143 /* WKWebView+Capacitor.swift */ = {isa = PBXFileReference; lastKnownFileType = sourcecode.swift; path = "WKWebView+Capacitor.swift"; sourceTree = "<group>"; };
		2FAD9762203C412B000D30F8 /* config.xml */ = {isa = PBXFileReference; lastKnownFileType = text.xml; path = config.xml; sourceTree = "<group>"; };
		50379B222058CBB4000EE86E /* capacitor.config.json */ = {isa = PBXFileReference; fileEncoding = 4; lastKnownFileType = text.json; path = capacitor.config.json; sourceTree = "<group>"; };
		504EC3041FED79650016851F /* App.app */ = {isa = PBXFileReference; explicitFileType = wrapper.application; includeInIndex = 0; path = App.app; sourceTree = BUILT_PRODUCTS_DIR; };
		504EC3071FED79650016851F /* AppDelegate.swift */ = {isa = PBXFileReference; lastKnownFileType = sourcecode.swift; path = AppDelegate.swift; sourceTree = "<group>"; };
		504EC30C1FED79650016851F /* Base */ = {isa = PBXFileReference; lastKnownFileType = file.storyboard; name = Base; path = Base.lproj/Main.storyboard; sourceTree = "<group>"; };
		504EC30E1FED79650016851F /* Assets.xcassets */ = {isa = PBXFileReference; lastKnownFileType = folder.assetcatalog; path = Assets.xcassets; sourceTree = "<group>"; };
		504EC3111FED79650016851F /* Base */ = {isa = PBXFileReference; lastKnownFileType = file.storyboard; name = Base; path = Base.lproj/LaunchScreen.storyboard; sourceTree = "<group>"; };
		504EC3131FED79650016851F /* Info.plist */ = {isa = PBXFileReference; lastKnownFileType = text.plist.xml; path = Info.plist; sourceTree = "<group>"; };
		50B271D01FEDC1A000F3C39B /* public */ = {isa = PBXFileReference; lastKnownFileType = folder; path = public; sourceTree = "<group>"; };
		9582B6822FE993A50072D4E8 /* SceneDelegate.swift */ = {isa = PBXFileReference; lastKnownFileType = sourcecode.swift; path = SceneDelegate.swift; sourceTree = "<group>"; };
		958DCC722DB07C7200EA8C5F /* debug.xcconfig */ = {isa = PBXFileReference; lastKnownFileType = text.xcconfig; name = debug.xcconfig; path = ../debug.xcconfig; sourceTree = SOURCE_ROOT; };
/* End PBXFileReference section */

/* Begin PBXFrameworksBuildPhase section */
		504EC3011FED79650016851F /* Frameworks */ = {
			isa = PBXFrameworksBuildPhase;
			buildActionMask = 2147483647;
			files = (
				4D22ABE92AF431CB00220026 /* CapApp-SPM in Frameworks */,
			);
			runOnlyForDeploymentPostprocessing = 0;
		};
/* End PBXFrameworksBuildPhase section */

/* Begin PBXGroup section */
		0E81389C3073F3BC002F6143 /* assets */ = {
			isa = PBXGroup;
			children = (
				0E81389B3073F3BC002F6143 /* native-bridge.js */,
			);
			path = assets;
			sourceTree = "<group>";
		};
		0E81389F3073F3BC002F6143 /* Codable */ = {
			isa = PBXGroup;
			children = (
				0E81389D3073F3BC002F6143 /* JSValueDecoder.swift */,
				0E81389E3073F3BC002F6143 /* JSValueEncoder.swift */,
			);
			path = Codable;
			sourceTree = "<group>";
		};
		0E8138A83073F3BC002F6143 /* Plugins */ = {
			isa = PBXGroup;
			children = (
				0E8138A03073F3BC002F6143 /* CapacitorCookieManager.swift */,
				0E8138A13073F3BC002F6143 /* CapacitorCookies.swift */,
				0E8138A23073F3BC002F6143 /* CapacitorHttp.swift */,
				0E8138A33073F3BC002F6143 /* CapacitorUrlRequest.swift */,
				0E8138A43073F3BC002F6143 /* Console.swift */,
				0E8138A53073F3BC002F6143 /* HttpRequestHandler.swift */,
				0E8138A63073F3BC002F6143 /* SystemBars.swift */,
				0E8138A73073F3BC002F6143 /* WebView.swift */,
			);
			path = Plugins;
			sourceTree = "<group>";
		};
		0E8138E33073F3BC002F6143 /* Capacitor */ = {
			isa = PBXGroup;
			children = (
				0E81389C3073F3BC002F6143 /* assets */,
				0E81389F3073F3BC002F6143 /* Codable */,
				0E8138A83073F3BC002F6143 /* Plugins */,
				0E8138A93073F3BC002F6143 /* AppUUID.swift */,
				0E8138AA3073F3BC002F6143 /* Array+Capacitor.swift */,
				0E8138AB3073F3BC002F6143 /* Capacitor.h */,
				0E8138AC3073F3BC002F6143 /* Capacitor.modulemap */,
				0E8138AD3073F3BC002F6143 /* CapacitorBridge.swift */,
				0E8138AE3073F3BC002F6143 /* CapacitorExtension.swift */,
				0E8138AF3073F3BC002F6143 /* CAPApplicationDelegateProxy.swift */,
				0E8138B03073F3BC002F6143 /* CAPBridge.swift */,
				0E8138B13073F3BC002F6143 /* CAPBridgeDelegate.swift */,
				0E8138B23073F3BC002F6143 /* CAPBridgedJSTypes.h */,
				0E8138B33073F3BC002F6143 /* CAPBridgedJSTypes.m */,
				0E8138B43073F3BC002F6143 /* CAPBridgedPlugin.h */,
				0E8138B53073F3BC002F6143 /* CAPBridgedPlugin+getMethod.swift */,
				0E8138B63073F3BC002F6143 /* CAPBridgeProtocol.swift */,
				0E8138B73073F3BC002F6143 /* CAPBridgeViewController.swift */,
				0E8138B83073F3BC002F6143 /* CAPBridgeViewController+CDVScreenOrientationDelegate.h */,
				0E8138B93073F3BC002F6143 /* CAPBridgeViewController+CDVScreenOrientationDelegate.m */,
				0E8138BA3073F3BC002F6143 /* CAPFile.swift */,
				0E8138BB3073F3BC002F6143 /* CAPInstanceConfiguration.h */,
				0E8138BC3073F3BC002F6143 /* CAPInstanceConfiguration.m */,
				0E8138BD3073F3BC002F6143 /* CAPInstanceConfiguration.swift */,
				0E8138BE3073F3BC002F6143 /* CAPInstanceDescriptor.h */,
				0E8138BF3073F3BC002F6143 /* CAPInstanceDescriptor.m */,
				0E8138C03073F3BC002F6143 /* CAPInstanceDescriptor.swift */,
				0E8138C13073F3BC002F6143 /* CAPInstancePlugin.swift */,
				0E8138C23073F3BC002F6143 /* CAPLog.swift */,
				0E8138C33073F3BC002F6143 /* CAPNotifications.swift */,
				0E8138C43073F3BC002F6143 /* CAPPlugin.h */,
				0E8138C53073F3BC002F6143 /* CAPPlugin.m */,
				0E8138C63073F3BC002F6143 /* CAPPlugin+LoadInstance.swift */,
				0E8138C73073F3BC002F6143 /* CAPPluginCall.h */,
				0E8138C83073F3BC002F6143 /* CAPPluginCall.m */,
				0E8138C93073F3BC002F6143 /* CAPPluginCall.swift */,
				0E8138CA3073F3BC002F6143 /* CAPPluginMethod.h */,
				0E8138CB3073F3BC002F6143 /* CAPPluginMethod.m */,
				0E8138CC3073F3BC002F6143 /* CAPPluginMethod.swift */,
				0E8138CD3073F3BC002F6143 /* CAPSceneDelegateProxy.swift */,
				0E8138CE3073F3BC002F6143 /* Data+Capacitor.swift */,
				0E8138CF3073F3BC002F6143 /* DocLinks.swift */,
				0E8138D03073F3BC002F6143 /* GoogleService-Info.plist */,
				0E8138D13073F3BC002F6143 /* Info.plist */,
				0E8138D23073F3BC002F6143 /* JS.swift */,
				0E8138D33073F3BC002F6143 /* JSExport.swift */,
				0E8138D43073F3BC002F6143 /* JSTypes.swift */,
				0E8138D53073F3BC002F6143 /* KeyPath.swift */,
				0E8138D63073F3BC002F6143 /* KeyValueStore.swift */,
				0E8138D73073F3BC002F6143 /* NotificationHandlerProtocol.swift */,
				0E8138D83073F3BC002F6143 /* NotificationRouter.swift */,
				0E8138D93073F3BC002F6143 /* PluginCallResult.swift */,
				0E8138DA3073F3BC002F6143 /* PluginConfig.swift */,
				0E8138DB3073F3BC002F6143 /* PrivacyInfo.xcprivacy */,
				0E8138DC3073F3BC002F6143 /* Router.swift */,
				0E8138DD3073F3BC002F6143 /* UIColor.swift */,
				0E8138DE3073F3BC002F6143 /* UIStatusBarManager+CAPHandleTapAction.m */,
				0E8138DF3073F3BC002F6143 /* WebViewAssetHandler.swift */,
				0E8138E03073F3BC002F6143 /* WebViewDelegationHandler.swift */,
				0E8138E13073F3BC002F6143 /* WKWebView+Capacitor.m */,
				0E8138E23073F3BC002F6143 /* WKWebView+Capacitor.swift */,
			);
			path = Capacitor;
			sourceTree = "<group>";
		};
		504EC2FB1FED79650016851F = {
			isa = PBXGroup;
			children = (
				0E8138E33073F3BC002F6143 /* Capacitor */,
				958DCC722DB07C7200EA8C5F /* debug.xcconfig */,
				504EC3061FED79650016851F /* App */,
				504EC3051FED79650016851F /* Products */,
			);
			sourceTree = "<group>";
		};
		504EC3051FED79650016851F /* Products */ = {
			isa = PBXGroup;
			children = (
				504EC3041FED79650016851F /* App.app */,
			);
			name = Products;
			sourceTree = "<group>";
		};
		504EC3061FED79650016851F /* App */ = {
			isa = PBXGroup;
			children = (
				0E81389A3073F279002F6143 /* App.entitlements */,
				9582B6822FE993A50072D4E8 /* SceneDelegate.swift */,
				50379B222058CBB4000EE86E /* capacitor.config.json */,
				504EC3071FED79650016851F /* AppDelegate.swift */,
				504EC30B1FED79650016851F /* Main.storyboard */,
				504EC30E1FED79650016851F /* Assets.xcassets */,
				504EC3101FED79650016851F /* LaunchScreen.storyboard */,
				504EC3131FED79650016851F /* Info.plist */,
				2FAD9762203C412B000D30F8 /* config.xml */,
				50B271D01FEDC1A000F3C39B /* public */,
			);
			path = App;
			sourceTree = "<group>";
		};
/* End PBXGroup section */

/* Begin PBXNativeTarget section */
		504EC3031FED79650016851F /* App */ = {
			isa = PBXNativeTarget;
			buildConfigurationList = 504EC3161FED79650016851F /* Build configuration list for PBXNativeTarget "App" */;
			buildPhases = (
				504EC3001FED79650016851F /* Sources */,
				504EC3011FED79650016851F /* Frameworks */,
				504EC3021FED79650016851F /* Resources */,
			);
			buildRules = (
			);
			dependencies = (
			);
			name = App;
			packageProductDependencies = (
				4D22ABE82AF431CB00220026 /* CapApp-SPM */,
			);
			productName = App;
			productReference = 504EC3041FED79650016851F /* App.app */;
			productType = "com.apple.product-type.application";
		};
/* End PBXNativeTarget section */

/* Begin PBXProject section */
		504EC2FC1FED79650016851F /* Project object */ = {
			isa = PBXProject;
			attributes = {
				LastSwiftUpdateCheck = 0920;
				LastUpgradeCheck = 0920;
				TargetAttributes = {
					504EC3031FED79650016851F = {
						CreatedOnToolsVersion = 9.2;
						LastSwiftMigration = 1100;
						ProvisioningStyle = Automatic;
					};
				};
			};
			buildConfigurationList = 504EC2FF1FED79650016851F /* Build configuration list for PBXProject "App" */;
			compatibilityVersion = "Xcode 8.0";
			developmentRegion = en;
			hasScannedForEncodings = 0;
			knownRegions = (
				en,
				Base,
			);
			mainGroup = 504EC2FB1FED79650016851F;
			packageReferences = (
				D4C12C0A2AAA248700AAC8A2 /* XCLocalSwiftPackageReference "CapApp-SPM" */,
			);
			productRefGroup = 504EC3051FED79650016851F /* Products */;
			projectDirPath = "";
			projectRoot = "";
			targets = (
				504EC3031FED79650016851F /* App */,
			);
		};
/* End PBXProject section */

/* Begin PBXResourcesBuildPhase section */
		504EC3021FED79650016851F /* Resources */ = {
			isa = PBXResourcesBuildPhase;
			buildActionMask = 2147483647;
			files = (
				504EC3121FED79650016851F /* LaunchScreen.storyboard in Resources */,
				50B271D11FEDC1A000F3C39B /* public in Resources */,
				504EC30F1FED79650016851F /* Assets.xcassets in Resources */,
				50379B232058CBB4000EE86E /* capacitor.config.json in Resources */,
				504EC30D1FED79650016851F /* Main.storyboard in Resources */,
				2FAD9763203C412B000D30F8 /* config.xml in Resources */,
			);
			runOnlyForDeploymentPostprocessing = 0;
		};
/* End PBXResourcesBuildPhase section */

/* Begin PBXSourcesBuildPhase section */
		504EC3001FED79650016851F /* Sources */ = {
			isa = PBXSourcesBuildPhase;
			buildActionMask = 2147483647;
			files = (
				504EC3081FED79650016851F /* AppDelegate.swift in Sources */,
				9582B6832FE993A70072D4E8 /* SceneDelegate.swift in Sources */,
			);
			runOnlyForDeploymentPostprocessing = 0;
		};
/* End PBXSourcesBuildPhase section */

/* Begin PBXVariantGroup section */
		504EC30B1FED79650016851F /* Main.storyboard */ = {
			isa = PBXVariantGroup;
			children = (
				504EC30C1FED79650016851F /* Base */,
			);
			name = Main.storyboard;
			sourceTree = "<group>";
		};
		504EC3101FED79650016851F /* LaunchScreen.storyboard */ = {
			isa = PBXVariantGroup;
			children = (
				504EC3111FED79650016851F /* Base */,
			);
			name = LaunchScreen.storyboard;
			sourceTree = "<group>";
		};
/* End PBXVariantGroup section */

/* Begin XCBuildConfiguration section */
		504EC3141FED79650016851F /* Debug */ = {
			isa = XCBuildConfiguration;
			baseConfigurationReference = 958DCC722DB07C7200EA8C5F /* debug.xcconfig */;
			buildSettings = {
				ALWAYS_SEARCH_USER_PATHS = NO;
				CLANG_ANALYZER_NONNULL = YES;
				CLANG_ANALYZER_NUMBER_OBJECT_CONVERSION = YES_AGGRESSIVE;
				CLANG_CXX_LANGUAGE_STANDARD = "gnu++14";
				CLANG_CXX_LIBRARY = "libc++";
				CLANG_ENABLE_MODULES = YES;
				CLANG_ENABLE_OBJC_ARC = YES;
				CLANG_WARN_BLOCK_CAPTURE_AUTORELEASING = YES;
				CLANG_WARN_BOOL_CONVERSION = YES;
				CLANG_WARN_COMMA = YES;
				CLANG_WARN_CONSTANT_CONVERSION = YES;
				CLANG_WARN_DIRECT_OBJC_ISA_USAGE = YES_ERROR;
				CLANG_WARN_DOCUMENTATION_COMMENTS = YES;
				CLANG_WARN_EMPTY_BODY = YES;
				CLANG_WARN_ENUM_CONVERSION = YES;
				CLANG_WARN_INFINITE_RECURSION = YES;
				CLANG_WARN_INT_CONVERSION = YES;
				CLANG_WARN_NON_LITERAL_NULL_CONVERSION = YES;
				CLANG_WARN_OBJC_LITERAL_CONVERSION = YES;
				CLANG_WARN_OBJC_ROOT_CLASS = YES_ERROR;
				CLANG_WARN_RANGE_LOOP_ANALYSIS = YES;
				CLANG_WARN_STRICT_PROTOTYPES = YES;
				CLANG_WARN_SUSPICIOUS_MOVE = YES;
				CLANG_WARN_UNGUARDED_AVAILABILITY = YES_AGGRESSIVE;
				CLANG_WARN_UNREACHABLE_CODE = YES;
				CLANG_WARN__DUPLICATE_METHOD_MATCH = YES;
				CODE_SIGN_IDENTITY = "iPhone Developer";
				COPY_PHASE_STRIP = NO;
				DEBUG_INFORMATION_FORMAT = dwarf;
				ENABLE_STRICT_OBJC_MSGSEND = YES;
				ENABLE_TESTABILITY = YES;
				GCC_C_LANGUAGE_STANDARD = gnu11;
				GCC_DYNAMIC_NO_PIC = NO;
				GCC_NO_COMMON_BLOCKS = YES;
				GCC_OPTIMIZATION_LEVEL = 0;
				GCC_PREPROCESSOR_DEFINITIONS = (
					"DEBUG=1",
					"$(inherited)",
				);
				GCC_WARN_64_TO_32_BIT_CONVERSION = YES;
				GCC_WARN_ABOUT_RETURN_TYPE = YES_ERROR;
				GCC_WARN_UNDECLARED_SELECTOR = YES;
				GCC_WARN_UNINITIALIZED_AUTOS = YES_AGGRESSIVE;
				GCC_WARN_UNUSED_FUNCTION = YES;
				GCC_WARN_UNUSED_VARIABLE = YES;
				IPHONEOS_DEPLOYMENT_TARGET = 15.0;
				MTL_ENABLE_DEBUG_INFO = YES;
				ONLY_ACTIVE_ARCH = YES;
				SDKROOT = iphoneos;
				SWIFT_ACTIVE_COMPILATION_CONDITIONS = DEBUG;
				SWIFT_OPTIMIZATION_LEVEL = "-Onone";
			};
			name = Debug;
		};
		504EC3151FED79650016851F /* Release */ = {
			isa = XCBuildConfiguration;
			buildSettings = {
				ALWAYS_SEARCH_USER_PATHS = NO;
				CLANG_ANALYZER_NONNULL = YES;
				CLANG_ANALYZER_NUMBER_OBJECT_CONVERSION = YES_AGGRESSIVE;
				CLANG_CXX_LANGUAGE_STANDARD = "gnu++14";
				CLANG_CXX_LIBRARY = "libc++";
				CLANG_ENABLE_MODULES = YES;
				CLANG_ENABLE_OBJC_ARC = YES;
				CLANG_WARN_BLOCK_CAPTURE_AUTORELEASING = YES;
				CLANG_WARN_BOOL_CONVERSION = YES;
				CLANG_WARN_COMMA = YES;
				CLANG_WARN_CONSTANT_CONVERSION = YES;
				CLANG_WARN_DIRECT_OBJC_ISA_USAGE = YES_ERROR;
				CLANG_WARN_DOCUMENTATION_COMMENTS = YES;
				CLANG_WARN_EMPTY_BODY = YES;
				CLANG_WARN_ENUM_CONVERSION = YES;
				CLANG_WARN_INFINITE_RECURSION = YES;
				CLANG_WARN_INT_CONVERSION = YES;
				CLANG_WARN_NON_LITERAL_NULL_CONVERSION = YES;
				CLANG_WARN_OBJC_LITERAL_CONVERSION = YES;
				CLANG_WARN_OBJC_ROOT_CLASS = YES_ERROR;
				CLANG_WARN_RANGE_LOOP_ANALYSIS = YES;
				CLANG_WARN_STRICT_PROTOTYPES = YES;
				CLANG_WARN_SUSPICIOUS_MOVE = YES;
				CLANG_WARN_UNGUARDED_AVAILABILITY = YES_AGGRESSIVE;
				CLANG_WARN_UNREACHABLE_CODE = YES;
				CLANG_WARN__DUPLICATE_METHOD_MATCH = YES;
				CODE_SIGN_IDENTITY = "iPhone Developer";
				COPY_PHASE_STRIP = NO;
				DEBUG_INFORMATION_FORMAT = "dwarf-with-dsym";
				ENABLE_NS_ASSERTIONS = NO;
				ENABLE_STRICT_OBJC_MSGSEND = YES;
				GCC_C_LANGUAGE_STANDARD = gnu11;
				GCC_NO_COMMON_BLOCKS = YES;
				GCC_WARN_64_TO_32_BIT_CONVERSION = YES;
				GCC_WARN_ABOUT_RETURN_TYPE = YES_ERROR;
				GCC_WARN_UNDECLARED_SELECTOR = YES;
				GCC_WARN_UNINITIALIZED_AUTOS = YES_AGGRESSIVE;
				GCC_WARN_UNUSED_FUNCTION = YES;
				GCC_WARN_UNUSED_VARIABLE = YES;
				IPHONEOS_DEPLOYMENT_TARGET = 15.0;
				MTL_ENABLE_DEBUG_INFO = NO;
				SDKROOT = iphoneos;
				SWIFT_COMPILATION_MODE = wholemodule;
				SWIFT_OPTIMIZATION_LEVEL = "-O";
				VALIDATE_PRODUCT = YES;
			};
			name = Release;
		};
		504EC3171FED79650016851F /* Debug */ = {
			isa = XCBuildConfiguration;
			baseConfigurationReference = 958DCC722DB07C7200EA8C5F /* debug.xcconfig */;
			buildSettings = {
				ASSETCATALOG_COMPILER_APPICON_NAME = AppIcon;
				CODE_SIGN_ENTITLEMENTS = App/App.entitlements;
				CODE_SIGN_STYLE = Automatic;
				CURRENT_PROJECT_VERSION = 1;
				DEVELOPMENT_TEAM = 2K6T8RU38M;
				INFOPLIST_FILE = App/Info.plist;
				IPHONEOS_DEPLOYMENT_TARGET = 15.0;
				LD_RUNPATH_SEARCH_PATHS = (
					"$(inherited)",
					"@executable_path/Frameworks",
				);
				MARKETING_VERSION = 1.0;
				OTHER_SWIFT_FLAGS = "$(inherited) \"-D\" \"COCOAPODS\" \"-DDEBUG\"";
				PRODUCT_BUNDLE_IDENTIFIER = uk.alignmentchurch.community;
				PRODUCT_NAME = "$(TARGET_NAME)";
				SWIFT_ACTIVE_COMPILATION_CONDITIONS = DEBUG;
				SWIFT_VERSION = 5.0;
				TARGETED_DEVICE_FAMILY = "1,2";
			};
			name = Debug;
		};
		504EC3181FED79650016851F /* Release */ = {
			isa = XCBuildConfiguration;
			buildSettings = {
				ASSETCATALOG_COMPILER_APPICON_NAME = AppIcon;
				CODE_SIGN_ENTITLEMENTS = App/App.entitlements;
				CODE_SIGN_STYLE = Automatic;
				CURRENT_PROJECT_VERSION = 1;
				DEVELOPMENT_TEAM = 2K6T8RU38M;
				INFOPLIST_FILE = App/Info.plist;
				IPHONEOS_DEPLOYMENT_TARGET = 15.0;
				LD_RUNPATH_SEARCH_PATHS = (
					"$(inherited)",
					"@executable_path/Frameworks",
				);
				MARKETING_VERSION = 1.0;
				PRODUCT_BUNDLE_IDENTIFIER = uk.alignmentchurch.community;
				PRODUCT_NAME = "$(TARGET_NAME)";
				SWIFT_ACTIVE_COMPILATION_CONDITIONS = "";
				SWIFT_VERSION = 5.0;
				TARGETED_DEVICE_FAMILY = "1,2";
			};
			name = Release;
		};
/* End XCBuildConfiguration section */

/* Begin XCConfigurationList section */
		504EC2FF1FED79650016851F /* Build configuration list for PBXProject "App" */ = {
			isa = XCConfigurationList;
			buildConfigurations = (
				504EC3141FED79650016851F /* Debug */,
				504EC3151FED79650016851F /* Release */,
			);
			defaultConfigurationIsVisible = 0;
			defaultConfigurationName = Release;
		};
		504EC3161FED79650016851F /* Build configuration list for PBXNativeTarget "App" */ = {
			isa = XCConfigurationList;
			buildConfigurations = (
				504EC3171FED79650016851F /* Debug */,
				504EC3181FED79650016851F /* Release */,
			);
			defaultConfigurationIsVisible = 0;
			defaultConfigurationName = Release;
		};
/* End XCConfigurationList section */

/* Begin XCLocalSwiftPackageReference section */
		D4C12C0A2AAA248700AAC8A2 /* XCLocalSwiftPackageReference "CapApp-SPM" */ = {
			isa = XCLocalSwiftPackageReference;
			relativePath = "CapApp-SPM";
		};
/* End XCLocalSwiftPackageReference section */

/* Begin XCSwiftPackageProductDependency section */
		4D22ABE82AF431CB00220026 /* CapApp-SPM */ = {
			isa = XCSwiftPackageProductDependency;
			package = D4C12C0A2AAA248700AAC8A2 /* XCLocalSwiftPackageReference "CapApp-SPM" */;
			productName = "CapApp-SPM";
		};
/* End XCSwiftPackageProductDependency section */
	};
	rootObject = 504EC2FC1FED79650016851F /* Project object */;
}
